{
  "lockfileVersion": 1,
  "workspaces": {
    "": {
      "dependencies": {
        "lucide-preact": "^0.552.0",
        "preact": "^10.27.2",
        "preact-iso": "^2.11.0",
        "preact-swr": "^0.3.14",
        "sanitize-html": "^2.17.0",
      },
      "devDependencies": {
        "@types/bun": "^1.3.0",
        "@types/sanitize-html": "^2.16.0",
      },
    },
  },
  "packages": {
    "@babel/code-frame": ["@babel/code-frame@7.27.1", "", { "dependencies": { "@babel/helper-validator-identifier": "^7.27.1", "js-tokens": "^4.0.0", "picocolors": "^1.1.1" } }, "sha512-cjQ7ZlQ0Mv3b47hABuTevyTuYN4i+loJKGeV9flcCgIK37cCXRh+L1bd3iBHlynerhQ7BhCkn2BPbQUL+rGqFg=="],

    "@babel/helper-validator-identifier": ["@babel/helper-validator-identifier@7.28.5", "", {}, "sha512-qSs4ifwzKJSV39ucNjsvc6WVHs6b7S03sOh2OcHF9UHfVPqWWALUsNUVzhSBiItjRZoLHx7nIarVjqKVusUZ1Q=="],

    "@babel/runtime": ["@babel/runtime@7.28.4", "", {}, "sha512-Q/N6JNWvIvPnLDvjlE1OUBLPQHH6l3CltCEsHIujp45zQUSSh8K+gHnaEX45yAT1nyngnINhvWtzN+Nb9D8RAQ=="],

    "@babel/runtime-corejs3": ["@babel/runtime-corejs3@7.28.4", "", { "dependencies": { "core-js-pure": "^3.43.0" } }, "sha512-h7iEYiW4HebClDEhtvFObtPmIvrd1SSfpI9EhOeKk4CtIK/ngBWFpuhCzhdmRKtg71ylcue+9I6dv54XYO1epQ=="],

    "@jest/types": ["@jest/types@26.6.2", "", { "dependencies": { "@types/istanbul-lib-coverage": "^2.0.0", "@types/istanbul-reports": "^3.0.0", "@types/node": "*", "@types/yargs": "^15.0.0", "chalk": "^4.0.0" } }, "sha512-fC6QCp7Sc5sX6g8Tvbmj4XUTbyrik0akgRy03yjXbQaBWWNWGE7SGtJk98m0N8nzegD/7SggrUlivxo5ax4KWQ=="],

    "@testing-library/dom": ["@testing-library/dom@7.31.2", "", { "dependencies": { "@babel/code-frame": "^7.10.4", "@babel/runtime": "^7.12.5", "@types/aria-query": "^4.2.0", "aria-query": "^4.2.2", "chalk": "^4.1.0", "dom-accessibility-api": "^0.5.6", "lz-string": "^1.4.4", "pretty-format": "^26.6.2" } }, "sha512-3UqjCpey6HiTZT92vODYLPxTBWlM8ZOOjr3LX5F37/VRipW2M1kX6I/Cm4VXzteZqfGfagg8yXywpcOgQBlNsQ=="],

    "@testing-library/preact": ["@testing-library/preact@2.0.1", "", { "dependencies": { "@testing-library/dom": "^7.16.2" }, "peerDependencies": { "preact": ">=10 || ^10.0.0-alpha.0 || ^10.0.0-beta.0" } }, "sha512-79kwVOY+3caoLgaPbiPzikjgY0Aya7Fc7TvGtR1upCnz2wrtmPDnN2t9vO7I7vDP2zoA+feSwOH5Q0BFErhaaQ=="],

    "@types/aria-query": ["@types/aria-query@4.2.2", "", {}, "sha512-HnYpAE1Y6kRyKM/XkEuiRQhTHvkzMBurTHnpFLYLBGPIylZNPs9jJcuOOYWxPLJCSEtmZT0Y8rHDokKN7rRTig=="],

    "@types/bun": ["@types/bun@1.3.0", "", { "dependencies": { "bun-types": "1.3.0" } }, "sha512-+lAGCYjXjip2qY375xX/scJeVRmZ5cY0wyHYyCYxNcdEXrQ4AOe3gACgd4iQ8ksOslJtW4VNxBJ8llUwc3a6AA=="],

    "@types/istanbul-lib-coverage": ["@types/istanbul-lib-coverage@2.0.6", "", {}, "sha512-2QF/t/auWm0lsy8XtKVPG19v3sSOQlJe/YHZgfjb/KBBHOGSV+J2q/S671rcq9uTBrLAXmZpqJiaQbMT+zNU1w=="],

    "@types/istanbul-lib-report": ["@types/istanbul-lib-report@3.0.3", "", { "dependencies": { "@types/istanbul-lib-coverage": "*" } }, "sha512-NQn7AHQnk/RSLOxrBbGyJM/aVQ+pjj5HCgasFxc0K/KhoATfQ/47AyUl15I2yBUpihjmas+a+VJBOqecrFH+uA=="],

    "@types/istanbul-reports": ["@types/istanbul-reports@3.0.4", "", { "dependencies": { "@types/istanbul-lib-report": "*" } }, "sha512-pk2B1NWalF9toCRu6gjBzR69syFjP4Od8WRAX+0mmf9lAjCRicLOWc+ZrxZHx/0XRjotgkF9t6iaMJ+aXcOdZQ=="],

    "@types/node": ["@types/node@24.8.1", "", { "dependencies": { "undici-types": "~7.14.0" } }, "sha512-alv65KGRadQVfVcG69MuB4IzdYVpRwMG/mq8KWOaoOdyY617P5ivaDiMCGOFDWD2sAn5Q0mR3mRtUOgm99hL9Q=="],

    "@types/react": ["@types/react@19.2.2", "", { "dependencies": { "csstype": "^3.0.2" } }, "sha512-6mDvHUFSjyT2B2yeNx2nUgMxh9LtOWvkhIU3uePn2I2oyNymUAX1NIsdgviM4CH+JSrp2D2hsMvJOkxY+0wNRA=="],

    "@types/sanitize-html": ["@types/sanitize-html@2.16.0", "", { "dependencies": { "htmlparser2": "^8.0.0" } }, "sha512-l6rX1MUXje5ztPT0cAFtUayXF06DqPhRyfVXareEN5gGCFaP/iwsxIyKODr9XDhfxPpN6vXUFNfo5kZMXCxBtw=="],

    "@types/yargs": ["@types/yargs@15.0.19", "", { "dependencies": { "@types/yargs-parser": "*" } }, "sha512-2XUaGVmyQjgyAZldf0D0c14vvo/yv0MhQBSTJcejMMaitsn3nxCB6TmH4G0ZQf+uxROOa9mpanoSm8h6SG/1ZA=="],

    "@types/yargs-parser": ["@types/yargs-parser@21.0.3", "", {}, "sha512-I4q9QU9MQv4oEOz4tAHJtNz1cwuLxn2F3xcc2iV5WdqLPpUnj30aUuxt1mAxYTG+oe8CZMV/+6rU4S4gRDzqtQ=="],

    "ansi-regex": ["ansi-regex@5.0.1", "", {}, "sha512-quJQXlTSUGL2LH9SUXo8VwsY4soanhgo6LNSm84E1LBcE8s3O0wpdiRzyR9z/ZZJMlMWv37qOOb9pdJlMUEKFQ=="],

    "ansi-styles": ["ansi-styles@4.3.0", "", { "dependencies": { "color-convert": "^2.0.1" } }, "sha512-zbB9rCJAT1rbjiVDb2hqKFHNYLxgtk8NURxZ3IZwD3F6NtxbXZQCnnSi1Lkx+IDohdPlFp222wVALIheZJQSEg=="],

    "aria-query": ["aria-query@4.2.2", "", { "dependencies": { "@babel/runtime": "^7.10.2", "@babel/runtime-corejs3": "^7.10.2" } }, "sha512-o/HelwhuKpTj/frsOsbNLNgnNGVIFsVP/SW2BSF14gVl7kAfMOJ6/8wUAUvG1R1NHKrfG+2sHZTu0yauT1qBrA=="],

    "bun-types": ["bun-types@1.3.0", "", { "dependencies": { "@types/node": "*" }, "peerDependencies": { "@types/react": "^19" } }, "sha512-u8X0thhx+yJ0KmkxuEo9HAtdfgCBaM/aI9K90VQcQioAmkVp3SG3FkwWGibUFz3WdXAdcsqOcbU40lK7tbHdkQ=="],

    "chalk": ["chalk@4.1.2", "", { "dependencies": { "ansi-styles": "^4.1.0", "supports-color": "^7.1.0" } }, "sha512-oKnbhFyRIXpUuez8iBMmyEa4nbj4IOQyuhc/wy9kY7/WVPcwIO9VA668Pu8RkO7+0G76SLROeyw9CpQ061i4mA=="],

    "color-convert": ["color-convert@2.0.1", "", { "dependencies": { "color-name": "~1.1.4" } }, "sha512-RRECPsj7iu/xb5oKYcsFHSppFNnsj/52OVTRKb4zP5onXwVF3zVmmToNcOfGC+CRDpfK/U584fMg38ZHCaElKQ=="],

    "color-name": ["color-name@1.1.4", "", {}, "sha512-dOy+3AuW3a2wNbZHIuMZpTcgjGuLU/uBL/ubcZF9OXbDo8ff4O8yVp5Bf0efS8uEoYo5q4Fx7dY9OgQGXgAsQA=="],

    "core-js-pure": ["core-js-pure@3.46.0", "", {}, "sha512-NMCW30bHNofuhwLhYPt66OLOKTMbOhgTTatKVbaQC3KRHpTCiRIBYvtshr+NBYSnBxwAFhjW/RfJ0XbIjS16rw=="],

    "csstype": ["csstype@3.1.3", "", {}, "sha512-M1uQkMl8rQK/szD0LNhtqxIPLpimGm8sOBwU7lLnCpSbTyY3yeU1Vc7l4KT5zT4s/yOxHH5O7tIuuLOCnLADRw=="],

    "deepmerge": ["deepmerge@4.3.1", "", {}, "sha512-3sUqbMEc77XqpdNO7FRyRog+eW3ph+GYCbj+rK+uYyRMuwsVy0rMiVtPn+QJlKFvWP/1PYpapqYn0Me2knFn+A=="],

    "dequal": ["dequal@2.0.2", "", {}, "sha512-q9K8BlJVxK7hQYqa6XISGmBZbtQQWVXSrRrWreHC94rMt1QL/Impruc+7p2CYSYuVIUr+YCt6hjrs1kkdJRTug=="],

    "dom-accessibility-api": ["dom-accessibility-api@0.5.16", "", {}, "sha512-X7BJ2yElsnOJ30pZF4uIIDfBEVgF4XEBxL9Bxhy6dnrm5hkzqmsWHGTiHqRiITNhMyFLyAiWndIJP7Z1NTteDg=="],

    "dom-serializer": ["dom-serializer@2.0.0", "", { "dependencies": { "domelementtype": "^2.3.0", "domhandler": "^5.0.2", "entities": "^4.2.0" } }, "sha512-wIkAryiqt/nV5EQKqQpo3SToSOV9J0DnbJqwK7Wv/Trc92zIAYZ4FlMu+JPFW1DfGFt81ZTCGgDEabffXeLyJg=="],

    "domelementtype": ["domelementtype@2.3.0", "", {}, "sha512-OLETBj6w0OsagBwdXnPdN0cnMfF9opN69co+7ZrbfPGrdpPVNBUj02spi6B1N7wChLQiPn4CSH/zJvXw56gmHw=="],

    "domhandler": ["domhandler@5.0.3", "", { "dependencies": { "domelementtype": "^2.3.0" } }, "sha512-cgwlv/1iFQiFnU96XXgROh8xTeetsnJiDsTc7TYCLFd9+/WNkIqPTxiM/8pSd8VIrhXGTf1Ny1q1hquVqDJB5w=="],

    "domutils": ["domutils@3.2.2", "", { "dependencies": { "dom-serializer": "^2.0.0", "domelementtype": "^2.3.0", "domhandler": "^5.0.3" } }, "sha512-6kZKyUajlDuqlHKVX1w7gyslj9MPIXzIFiz/rGu35uC1wMi+kMhQwGhl4lt9unC9Vb9INnY9Z3/ZA3+FhASLaw=="],

    "entities": ["entities@4.5.0", "", {}, "sha512-V0hjH4dGPh9Ao5p0MoRY6BVqtwCjhz6vI5LT8AJ55H+4g9/4vbHx1I54fS0XuclLhDHArPQCiMjDxjaL8fPxhw=="],

    "escape-string-regexp": ["escape-string-regexp@4.0.0", "", {}, "sha512-TtpcNJ3XAzx3Gq8sWRzJaVajRs0uVxA2YAkdb1jm2YkPz4G6egUFAyA3n5vtEIZefPk5Wa4UXbKuS5fKkJWdgA=="],

    "has-flag": ["has-flag@4.0.0", "", {}, "sha512-EykJT/Q1KjTWctppgIAgfSO0tKVuZUjhgMr17kqTumMl6Afv3EISleU7qZUzoXDFTAHTDC4NOoG/ZxU3EvlMPQ=="],

    "htmlparser2": ["htmlparser2@8.0.2", "", { "dependencies": { "domelementtype": "^2.3.0", "domhandler": "^5.0.3", "domutils": "^3.0.1", "entities": "^4.4.0" } }, "sha512-GYdjWKDkbRLkZ5geuHs5NY1puJ+PXwP7+fHPRz06Eirsb9ugf6d8kkXav6ADhcODhFFPMIXyxkxSuMf3D6NCFA=="],

    "is-plain-object": ["is-plain-object@5.0.0", "", {}, "sha512-VRSzKkbMm5jMDoKLbltAkFQ5Qr7VDiTFGXxYFXXowVj387GeGNOCsOH6Msy00SGZ3Fp84b1Naa1psqgcCIEP5Q=="],

    "js-tokens": ["js-tokens@4.0.0", "", {}, "sha512-RdJUflcE3cUzKiMqQgsCu06FPu9UdIJO0beYbPhHN4k6apgJtifcoCtT9bcxOpYBtpD2kCM6Sbzg4CausW/PKQ=="],

    "lucide-preact": ["lucide-preact@0.552.0", "", { "peerDependencies": { "preact": "^10.5.13" } }, "sha512-r+r8yePtakKLRVQKYTI48lbjj9m2qxctVmLaJ/hcNi881aobs5amZ3OOdj3MJbotCKo8JzX17KTo2ZTiim1nEA=="],

    "lz-string": ["lz-string@1.5.0", "", { "bin": { "lz-string": "bin/bin.js" } }, "sha512-h5bgJWpxJNswbU7qCrV0tIKQCaS3blPDrqKWx+QxzuzL1zGUzij9XCWLrSLsJPu5t+eWA/ycetzYAO5IOMcWAQ=="],

    "nanoid": ["nanoid@3.3.11", "", { "bin": { "nanoid": "bin/nanoid.cjs" } }, "sha512-N8SpfPUnUp1bK+PMYW8qSWdl9U+wwNWI4QKxOYDy9JAro3WMX7p2OeVRF9v+347pnakNevPmiHhNmZ2HbFA76w=="],

    "parse-srcset": ["parse-srcset@1.0.2", "", {}, "sha512-/2qh0lav6CmI15FzA3i/2Bzk2zCgQhGMkvhOhKNcBVQ1ldgpbfiNTVslmooUmWJcADi1f1kIeynbDRVzNlfR6Q=="],

    "picocolors": ["picocolors@1.1.1", "", {}, "sha512-xceH2snhtb5M9liqDsmEw56le376mTZkEX/jEb/RxNFyegNul7eNslCXP9FDj/Lcu0X8KEyMceP2ntpaHrDEVA=="],

    "postcss": ["postcss@8.5.6", "", { "dependencies": { "nanoid": "^3.3.11", "picocolors": "^1.1.1", "source-map-js": "^1.2.1" } }, "sha512-3Ybi1tAuwAP9s0r1UQ2J4n5Y0G05bJkpUIO0/bI9MhwmD70S5aTWbXGBwxHrelT+XM1k6dM0pk+SwNkpTRN7Pg=="],

    "preact": ["preact@10.27.2", "", {}, "sha512-5SYSgFKSyhCbk6SrXyMpqjb5+MQBgfvEKE/OC+PujcY34sOpqtr+0AZQtPYx5IA6VxynQ7rUPCtKzyovpj9Bpg=="],

    "preact-iso": ["preact-iso@2.11.0", "", { "peerDependencies": { "preact": ">=10 || >= 11.0.0-0", "preact-render-to-string": ">=6.4.0" } }, "sha512-oThWJQcgcnaWh6UKy1qrBkxIWp5CkqvnHiFdLiDUxfNkGdpQ5veGQw9wOVS0NDp7X8xo98wxE4wng5jLv1e9Ug=="],

    "preact-render-to-string": ["preact-render-to-string@6.6.3", "", { "peerDependencies": { "preact": ">=10 || >= 11.0.0-0" } }, "sha512-7oHG7jzjriqsFPkSPiPnzrQ0GcxFm6wOkYWNdStK5Ks9YlWSQQXKGBRAX4nKDdqX7HAQuRvI4pZNZMycK4WwDw=="],

    "preact-swr": ["preact-swr@0.3.14", "", { "dependencies": { "@testing-library/preact": "2.0.1", "dequal": "2.0.2", "preact": "^10.4.8" } }, "sha512-oT7WWw5Fb+Y/+yIEF3lkMgOc/Rzqwr9xeY6tZ/DRus8oV1gi7oT5a3SY3l1UTyf/NQ+SoB/PfwGKHnuEFhFT5A=="],

    "pretty-format": ["pretty-format@26.6.2", "", { "dependencies": { "@jest/types": "^26.6.2", "ansi-regex": "^5.0.0", "ansi-styles": "^4.0.0", "react-is": "^17.0.1" } }, "sha512-7AeGuCYNGmycyQbCqd/3PWH4eOoX/OiCa0uphp57NVTeAGdJGaAliecxwBDHYQCIvrW7aDBZCYeNTP/WX69mkg=="],

    "react-is": ["react-is@17.0.2", "", {}, "sha512-w2GsyukL62IJnlaff/nRegPQR94C/XXamvMWmSHRJ4y7Ts/4ocGRmTHvOs8PSE6pB3dWOrD/nueuU5sduBsQ4w=="],

    "sanitize-html": ["sanitize-html@2.17.0", "", { "dependencies": { "deepmerge": "^4.2.2", "escape-string-regexp": "^4.0.0", "htmlparser2": "^8.0.0", "is-plain-object": "^5.0.0", "parse-srcset": "^1.0.2", "postcss": "^8.3.11" } }, "sha512-dLAADUSS8rBwhaevT12yCezvioCA+bmUTPH/u57xKPT8d++voeYE6HeluA/bPbQ15TwDBG2ii+QZIEmYx8VdxA=="],

    "source-map-js": ["source-map-js@1.2.1", "", {}, "sha512-UXWMKhLOwVKb728IUtQPXxfYU+usdybtUrK/8uGE8CQMvrhOpwvzDBwj0QhSL7MQc7vIsISBG8VQ8+IDQxpfQA=="],

    "supports-color": ["supports-color@7.2.0", "", { "dependencies": { "has-flag": "^4.0.0" } }, "sha512-qpCAvRl9stuOHveKsn7HncJRvv501qIacKzQlO/+Lwxc9+0q2wLyv4Dfvt80/DPn2pqOBsJdDiogXGR9+OvwRw=="],

    "undici-types": ["undici-types@7.14.0", "", {}, "sha512-QQiYxHuyZ9gQUIrmPo3IA+hUl4KYk8uSA7cHrcKd/l3p1OTpZcM0Tbp9x7FAtXdAYhlasd60ncPpgu6ihG6TOA=="],
  }
}
